// !$*UTF8*$!
{
	archiveVersion = 1;
	classes = {
	};
	objectVersion = 48;
	objects = {

/* Begin PBXBuildFile section */
		D857A8EE1FCE473B00AF9F71 /* AppDelegate.swift in Sources */ = {isa = PBXBuildFile; fileRef = D857A8ED1FCE473B00AF9F71 /* AppDelegate.swift */; };
		D857A8F01FCE473B00AF9F71 /* ViewController.swift in Sources */ = {isa = PBXBuildFile; fileRef = D857A8EF1FCE473B00AF9F71 /* ViewController.swift */; };
		D857A8F31FCE473B00AF9F71 /* Main.storyboard in Resources */ = {isa = PBXBuildFile; fileRef = D857A8F11FCE473B00AF9F71 /* Main.storyboard */; };
		D857A8F51FCE473B00AF9F71 /* Assets.xcassets in Resources */ = {isa = PBXBuildFile; fileRef = D857A8F41FCE473B00AF9F71 /* Assets.xcassets */; };
		D857A8F81FCE473B00AF9F71 /* LaunchScreen.storyboard in Resources */ = {isa = PBXBuildFile; fileRef = D857A8F61FCE473B00AF9F71 /* LaunchScreen.storyboard */; };
		D857A9031FCE473B00AF9F71 /* Quick_TipTests.swift in Sources */ = {isa = PBXBuildFile; fileRef = D857A9021FCE473B00AF9F71 /* Quick_TipTests.swift */; };
		D857A90E1FCE473B00AF9F71 /* Quick_TipUITests.swift in Sources */ = {isa = PBXBuildFile; fileRef = D857A90D1FCE473B00AF9F71 /* Quick_TipUITests.swift */; };
/* End PBXBuildFile section */

/* Begin PBXContainerItemProxy section */
		D857A8FF1FCE473B00AF9F71 /* PBXContainerItemProxy */ = {
			isa = PBXContainerItemProxy;
			containerPortal = D857A8E21FCE473B00AF9F71 /* Project object */;
			proxyType = 1;
			remoteGlobalIDString = D857A8E91FCE473B00AF9F71;
			remoteInfo = "Quick Tip";
		};
		D857A90A1FCE473B00AF9F71 /* PBXContainerItemProxy */ = {
			isa = PBXContainerItemProxy;
			containerPortal = D857A8E21FCE473B00AF9F71 /* Project object */;
			proxyType = 1;
			remoteGlobalIDString = D857A8E91FCE473B00AF9F71;
			remoteInfo = "Quick Tip";
		};
/* End PBXContainerItemProxy section */

/* Begin PBXFileReference section */
		D857A8EA1FCE473B00AF9F71 /* Quick Tip.app */ = {isa = PBXFileReference; explicitFileType = wrapper.application; includeInIndex = 0; path = "Quick Tip.app"; sourceTree = BUILT_PRODUCTS_DIR; };
		D857A8ED1FCE473B00AF9F71 /* AppDelegate.swift */ = {isa = PBXFileReference; lastKnownFileType = sourcecode.swift; path = AppDelegate.swift; sourceTree = "<group>"; };
		D857A8EF1FCE473B00AF9F71 /* ViewController.swift */ = {isa = PBXFileReference; lastKnownFileType = sourcecode.swift; path = ViewController.swift; sourceTree = "<group>"; };
		D857A8F21FCE473B00AF9F71 /* Base */ = {isa = PBXFileReference; lastKnownFileType = file.storyboard; name = Base; path = Base.lproj/Main.storyboard; sourceTree = "<group>"; };
		D857A8F41FCE473B00AF9F71 /* Assets.xcassets */ = {isa = PBXFileReference; lastKnownFileType = folder.assetcatalog; path = Assets.xcassets; sourceTree = "<group>"; };
		D857A8F71FCE473B00AF9F71 /* Base */ = {isa = PBXFileReference; lastKnownFileType = file.storyboard; name = Base; path = Base.lproj/LaunchScreen.storyboard; sourceTree = "<group>"; };
		D857A8F91FCE473B00AF9F71 /* Info.plist */ = {isa = PBXFileReference; lastKnownFileType = text.plist.xml; path = Info.plist; sourceTree = "<group>"; };
		D857A8FE1FCE473B00AF9F71 /* Quick TipTests.xctest */ = {isa = PBXFileReference; explicitFileType = wrapper.cfbundle; includeInIndex = 0; path = "Quick TipTests.xctest"; sourceTree = BUILT_PRODUCTS_DIR; };
		D857A9021FCE473B00AF9F71 /* Quick_TipTests.swift */ = {isa = PBXFileReference; lastKnownFileType = sourcecode.swift; path = Quick_TipTests.swift; sourceTree = "<group>"; };
		D857A9041FCE473B00AF9F71 /* Info.plist */ = {isa = PBXFileReference; lastKnownFileType = text.plist.xml; path = Info.plist; sourceTree = "<group>"; };
		D857A9091FCE473B00AF9F71 /* Quick TipUITests.xctest */ = {isa = PBXFileReference; explicitFileType = wrapper.cfbundle; includeInIndex = 0; path = "Quick TipUITests.xctest"; sourceTree = BUILT_PRODUCTS_DIR; };
		D857A90D1FCE473B00AF9F71 /* Quick_TipUITests.swift */ = {isa = PBXFileReference; lastKnownFileType = sourcecode.swift; path = Quick_TipUITests.swift; sourceTree = "<group>"; };
		D857A90F1FCE473B00AF9F71 /* Info.plist */ = {isa = PBXFileReference; lastKnownFileType = text.plist.xml; path = Info.plist; sourceTree = "<group>"; };
/* End PBXFileReference section */

/* Begin PBXFrameworksBuildPhase section */
		D857A8E71FCE473B00AF9F71 /* Frameworks */ = {
			isa = PBXFrameworksBuildPhase;
			buildActionMask = 2147483647;
			files = (
			);
			runOnlyForDeploymentPostprocessing = 0;
		};
		D857A8FB1FCE473B00AF9F71 /* Frameworks */ = {
			isa = PBXFrameworksBuildPhase;
			buildActionMask = 2147483647;
			files = (
			);
			runOnlyForDeploymentPostprocessing = 0;
		};
		D857A9061FCE473B00AF9F71 /* Frameworks */ = {
			isa = PBXFrameworksBuildPhase;
			buildActionMask = 2147483647;
			files = (
			);
			runOnlyForDeploymentPostprocessing = 0;
		};
/* End PBXFrameworksBuildPhase section */

/* Begin PBXGroup section */
		D857A8E11FCE473B00AF9F71 = {
			isa = PBXGroup;
			children = (
				D857A8EC1FCE473B00AF9F71 /* Quick Tip */,
				D857A9011FCE473B00AF9F71 /* Quick TipTests */,
				D857A90C1FCE473B00AF9F71 /* Quick TipUITests */,
				D857A8EB1FCE473B00AF9F71 /* Products */,
			);
			sourceTree = "<group>";
		};
		D857A8EB1FCE473B00AF9F71 /* Products */ = {
			isa = PBXGroup;
			children = (
				D857A8EA1FCE473B00AF9F71 /* Quick Tip.app */,
				D857A8FE1FCE473B00AF9F71 /* Quick TipTests.xctest */,
				D857A9091FCE473B00AF9F71 /* Quick TipUITests.xctest */,
			);
			name = Products;
			sourceTree = "<group>";
		};
		D857A8EC1FCE473B00AF9F71 /* Quick Tip */ = {
			isa = PBXGroup;
			children = (
				D857A8ED1FCE473B00AF9F71 /* AppDelegate.swift */,
				D857A8EF1FCE473B00AF9F71 /* ViewController.swift */,
				D857A8F11FCE473B00AF9F71 /* Main.storyboard */,
				D857A8F41FCE473B00AF9F71 /* Assets.xcassets */,
				D857A8F61FCE473B00AF9F71 /* LaunchScreen.storyboard */,
				D857A8F91FCE473B00AF9F71 /* Info.plist */,
			);
			path = "Quick Tip";
			sourceTree = "<group>";
		};
		D857A9011FCE473B00AF9F71 /* Quick TipTests */ = {
			isa = PBXGroup;
			children = (
				D857A9021FCE473B00AF9F71 /* Quick_TipTests.swift */,
				D857A9041FCE473B00AF9F71 /* Info.plist */,
			);
			path = "Quick TipTests";
			sourceTree = "<group>";
		};
		D857A90C1FCE473B00AF9F71 /* Quick TipUITests */ = {
			isa = PBXGroup;
			children = (
				D857A90D1FCE473B00AF9F71 /* Quick_TipUITests.swift */,
				D857A90F1FCE473B00AF9F71 /* Info.plist */,
			);
			path = "Quick TipUITests";
			sourceTree = "<group>";
		};
/* End PBXGroup section */

/* Begin PBXNativeTarget section */
		D857A8E91FCE473B00AF9F71 /* Quick Tip */ = {
			isa = PBXNativeTarget;
			buildConfigurationList = D857A9121FCE473B00AF9F71 /* Build configuration list for PBXNativeTarget "Quick Tip" */;
			buildPhases = (
				D857A8E61FCE473B00AF9F71 /* Sources */,
				D857A8E71FCE473B00AF9F71 /* Frameworks */,
				D857A8E81FCE473B00AF9F71 /* Resources */,
			);
			buildRules = (
			);
			dependencies = (
			);
			name = "Quick Tip";
			productName = "Quick Tip";
			productReference = D857A8EA1FCE473B00AF9F71 /* Quick Tip.app */;
			productType = "com.apple.product-type.application";
		};
		D857A8FD1FCE473B00AF9F71 /* Quick TipTests */ = {
			isa = PBXNativeTarget;
			buildConfigurationList = D857A9151FCE473B00AF9F71 /* Build configuration list for PBXNativeTarget "Quick TipTests" */;
			buildPhases = (
				D857A8FA1FCE473B00AF9F71 /* Sources */,
				D857A8FB1FCE473B00AF9F71 /* Frameworks */,
				D857A8FC1FCE473B00AF9F71 /* Resources */,
			);
			buildRules = (
			);
			dependencies = (
				D857A9001FCE473B00AF9F71 /* PBXTargetDependency */,
			);
			name = "Quick TipTests";
			productName = "Quick TipTests";
			productReference = D857A8FE1FCE473B00AF9F71 /* Quick TipTests.xctest */;
			productType = "com.apple.product-type.bundle.unit-test";
		};
		D857A9081FCE473B00AF9F71 /* Quick TipUITests */ = {
			isa = PBXNativeTarget;
			buildConfigurationList = D857A9181FCE473B00AF9F71 /* Build configuration list for PBXNativeTarget "Quick TipUITests" */;
			buildPhases = (
				D857A9051FCE473B00AF9F71 /* Sources */,
				D857A9061FCE473B00AF9F71 /* Frameworks */,
				D857A9071FCE473B00AF9F71 /* Resources */,
			);
			buildRules = (
			);
			dependencies = (
				D857A90B1FCE473B00AF9F71 /* PBXTargetDependency */,
			);
			name = "Quick TipUITests";
			productName = "Quick TipUITests";
			productReference = D857A9091FCE473B00AF9F71 /* Quick TipUITests.xctest */;
			productType = "com.apple.product-type.bundle.ui-testing";
		};
/* End PBXNativeTarget section */

/* Begin PBXProject section */
		D857A8E21FCE473B00AF9F71 /* Project object */ = {
			isa = PBXProject;
			attributes = {
				LastSwiftUpdateCheck = 0910;
				LastUpgradeCheck = 0910;
				ORGANIZATIONNAME = "Joseph Davey";
				TargetAttributes = {
					D857A8E91FCE473B00AF9F71 = {
						CreatedOnToolsVersion = 9.1;
						ProvisioningStyle = Automatic;
					};
					D857A8FD1FCE473B00AF9F71 = {
						CreatedOnToolsVersion = 9.1;
						ProvisioningStyle = Automatic;
						TestTargetID = D857A8E91FCE473B00AF9F71;
					};
					D857A9081FCE473B00AF9F71 = {
						CreatedOnToolsVersion = 9.1;
						ProvisioningStyle = Automatic;
						TestTargetID = D857A8E91FCE473B00AF9F71;
					};
				};
			};
			buildConfigurationList = D857A8E51FCE473B00AF9F71 /* Build configuration list for PBXProject "Quick Tip" */;
			compatibilityVersion = "Xcode 8.0";
			developmentRegion = en;
			hasScannedForEncodings = 0;
			knownRegions = (
				en,
				Base,
			);
			mainGroup = D857A8E11FCE473B00AF9F71;
			productRefGroup = D857A8EB1FCE473B00AF9F71 /* Products */;
			projectDirPath = "";
			projectRoot = "";
			targets = (
				D857A8E91FCE473B00AF9F71 /* Quick Tip */,
				D857A8FD1FCE473B00AF9F71 /* Quick TipTests */,
				D857A9081FCE473B00AF9F71 /* Quick TipUITests */,
			);
		};
/* End PBXProject section */

/* Begin PBXResourcesBuildPhase section */
		D857A8E81FCE473B00AF9F71 /* Resources */ = {
			isa = PBXResourcesBuildPhase;
			buildActionMask = 2147483647;
			files = (
				D857A8F81FCE473B00AF9F71 /* LaunchScreen.storyboard in Resources */,
				D857A8F51FCE473B00AF9F71 /* Assets.xcassets in Resources */,
				D857A8F31FCE473B00AF9F71 /* Main.storyboard in Resources */,
			);
			runOnlyForDeploymentPostprocessing = 0;
		};
		D857A8FC1FCE473B00AF9F71 /* Resources */ = {
			isa = PBXResourcesBuildPhase;
			buildActionMask = 2147483647;
			files = (
			);
			runOnlyForDeploymentPostprocessing = 0;
		};
		D857A9071FCE473B00AF9F71 /* Resources */ = {
			isa = PBXResourcesBuildPhase;
			buildActionMask = 2147483647;
			files = (
			);
			runOnlyForDeploymentPostprocessing = 0;
		};
/* End PBXResourcesBuildPhase section */

/* Begin PBXSourcesBuildPhase section */
		D857A8E61FCE473B00AF9F71 /* Sources */ = {
			isa = PBXSourcesBuildPhase;
			buildActionMask = 2147483647;
			files = (
				D857A8F01FCE473B00AF9F71 /* ViewController.swift in Sources */,
				D857A8EE1FCE473B00AF9F71 /* AppDelegate.swift in Sources */,
			);
			runOnlyForDeploymentPostprocessing = 0;
		};
		D857A8FA1FCE473B00AF9F71 /* Sources */ = {
			isa = PBXSourcesBuildPhase;
			buildActionMask = 2147483647;
			files = (
				D857A9031FCE473B00AF9F71 /* Quick_TipTests.swift in Sources */,
			);
			runOnlyForDeploymentPostprocessing = 0;
		};
		D857A9051FCE473B00AF9F71 /* Sources */ = {
			isa = PBXSourcesBuildPhase;
			buildActionMask = 2147483647;
			files = (
				D857A90E1FCE473B00AF9F71 /* Quick_TipUITests.swift in Sources */,
			);
			runOnlyForDeploymentPostprocessing = 0;
		};
/* End PBXSourcesBuildPhase section */

/* Begin PBXTargetDependency section */
		D857A9001FCE473B00AF9F71 /* PBXTargetDependency */ = {
			isa = PBXTargetDependency;
			target = D857A8E91FCE473B00AF9F71 /* Quick Tip */;
			targetProxy = D857A8FF1FCE473B00AF9F71 /* PBXContainerItemProxy */;
		};
		D857A90B1FCE473B00AF9F71 /* PBXTargetDependency */ = {
			isa = PBXTargetDependency;
			target = D857A8E91FCE473B00AF9F71 /* Quick Tip */;
			targetProxy = D857A90A1FCE473B00AF9F71 /* PBXContainerItemProxy */;
		};
/* End PBXTargetDependency section */

/* Begin PBXVariantGroup section */
		D857A8F11FCE473B00AF9F71 /* Main.storyboard */ = {
			isa = PBXVariantGroup;
			children = (
				D857A8F21FCE473B00AF9F71 /* Base */,
			);
			name = Main.storyboard;
			sourceTree = "<group>";
		};
		D857A8F61FCE473B00AF9F71 /* LaunchScreen.storyboard */ = {
			isa = PBXVariantGroup;
			children = (
				D857A8F71FCE473B00AF9F71 /* Base */,
			);
			name = LaunchScreen.storyboard;
			sourceTree = "<group>";
		};
/* End PBXVariantGroup section */

/* Begin XCBuildConfiguration section */
		D857A9101FCE473B00AF9F71 /* Debug */ = {
			isa = XCBuildConfiguration;
			buildSettings = {
				ALWAYS_SEARCH_USER_PATHS = NO;
				CLANG_ANALYZER_NONNULL = YES;
				CLANG_ANALYZER_NUMBER_OBJECT_CONVERSION = YES_AGGRESSIVE;
				CLANG_CXX_LANGUAGE_STANDARD = "gnu++14";
				CLANG_CXX_LIBRARY = "libc++";
				CLANG_ENABLE_MODULES = YES;
				CLANG_ENABLE_OBJC_ARC = YES;
				CLANG_WARN_BLOCK_CAPTURE_AUTORELEASING = YES;
				CLANG_WARN_BOOL_CONVERSION = YES;
				CLANG_WARN_COMMA = YES;
				CLANG_WARN_CONSTANT_CONVERSION = YES;
				CLANG_WARN_DIRECT_OBJC_ISA_USAGE = YES_ERROR;
				CLANG_WARN_DOCUMENTATION_COMMENTS = YES;
				CLANG_WARN_EMPTY_BODY = YES;
				CLANG_WARN_ENUM_CONVERSION = YES;
				CLANG_WARN_INFINITE_RECURSION = YES;
				CLANG_WARN_INT_CONVERSION = YES;
				CLANG_WARN_NON_LITERAL_NULL_CONVERSION = YES;
				CLANG_WARN_OBJC_LITERAL_CONVERSION = YES;
				CLANG_WARN_OBJC_ROOT_CLASS = YES_ERROR;
				CLANG_WARN_RANGE_LOOP_ANALYSIS = YES;
				CLANG_WARN_STRICT_PROTOTYPES = YES;
				CLANG_WARN_SUSPICIOUS_MOVE = YES;
				CLANG_WARN_UNGUARDED_AVAILABILITY = YES_AGGRESSIVE;
				CLANG_WARN_UNREACHABLE_CODE = YES;
				CLANG_WARN__DUPLICATE_METHOD_MATCH = YES;
				CODE_SIGN_IDENTITY = "iPhone Developer";
				COPY_PHASE_STRIP = NO;
				DEBUG_INFORMATION_FORMAT = dwarf;
				ENABLE_STRICT_OBJC_MSGSEND = YES;
				ENABLE_TESTABILITY = YES;
				GCC_C_LANGUAGE_STANDARD = gnu11;
				GCC_DYNAMIC_NO_PIC = NO;
				GCC_NO_COMMON_BLOCKS = YES;
				GCC_OPTIMIZATION_LEVEL = 0;
				GCC_PREPROCESSOR_DEFINITIONS = (
					"DEBUG=1",
					"$(inherited)",
				);
				GCC_WARN_64_TO_32_BIT_CONVERSION = YES;
				GCC_WARN_ABOUT_RETURN_TYPE = YES_ERROR;
				GCC_WARN_UNDECLARED_SELECTOR = YES;
				GCC_WARN_UNINITIALIZED_AUTOS = YES_AGGRESSIVE;
				GCC_WARN_UNUSED_FUNCTION = YES;
				GCC_WARN_UNUSED_VARIABLE = YES;
				IPHONEOS_DEPLOYMENT_TARGET = 11.1;
				MTL_ENABLE_DEBUG_INFO = YES;
				ONLY_ACTIVE_ARCH = YES;
				SDKROOT = iphoneos;
				SWIFT_ACTIVE_COMPILATION_CONDITIONS = DEBUG;
				SWIFT_OPTIMIZATION_LEVEL = "-Onone";
			};
			name = Debug;
		};
		D857A9111FCE473B00AF9F71 /* Release */ = {
			isa = XCBuildConfiguration;
			buildSettings = {
				ALWAYS_SEARCH_USER_PATHS = NO;
				CLANG_ANALYZER_NONNULL = YES;
				CLANG_ANALYZER_NUMBER_OBJECT_CONVERSION = YES_AGGRESSIVE;
				CLANG_CXX_LANGUAGE_STANDARD = "gnu++14";
				CLANG_CXX_LIBRARY = "libc++";
				CLANG_ENABLE_MODULES = YES;
				CLANG_ENABLE_OBJC_ARC = YES;
				CLANG_WARN_BLOCK_CAPTURE_AUTORELEASING = YES;
				CLANG_WARN_BOOL_CONVERSION = YES;
				CLANG_WARN_COMMA = YES;
				CLANG_WARN_CONSTANT_CONVERSION = YES;
				CLANG_WARN_DIRECT_OBJC_ISA_USAGE = YES_ERROR;
				CLANG_WARN_DOCUMENTATION_COMMENTS = YES;
				CLANG_WARN_EMPTY_BODY = YES;
				CLANG_WARN_ENUM_CONVERSION = YES;
				CLANG_WARN_INFINITE_RECURSION = YES;
				CLANG_WARN_INT_CONVERSION = YES;
				CLANG_WARN_NON_LITERAL_NULL_CONVERSION = YES;
				CLANG_WARN_OBJC_LITERAL_CONVERSION = YES;
				CLANG_WARN_OBJC_ROOT_CLASS = YES_ERROR;
				CLANG_WARN_RANGE_LOOP_ANALYSIS = YES;
				CLANG_WARN_STRICT_PROTOTYPES = YES;
				CLANG_WARN_SUSPICIOUS_MOVE = YES;
				CLANG_WARN_UNGUARDED_AVAILABILITY = YES_AGGRESSIVE;
				CLANG_WARN_UNREACHABLE_CODE = YES;
				CLANG_WARN__DUPLICATE_METHOD_MATCH = YES;
				CODE_SIGN_IDENTITY = "iPhone Developer";
				COPY_PHASE_STRIP = NO;
				DEBUG_INFORMATION_FORMAT = "dwarf-with-dsym";
				ENABLE_NS_ASSERTIONS = NO;
				ENABLE_STRICT_OBJC_MSGSEND = YES;
				GCC_C_LANGUAGE_STANDARD = gnu11;
				GCC_NO_COMMON_BLOCKS = YES;
				GCC_WARN_64_TO_32_BIT_CONVERSION = YES;
				GCC_WARN_ABOUT_RETURN_TYPE = YES_ERROR;
				GCC_WARN_UNDECLARED_SELECTOR = YES;
				GCC_WARN_UNINITIALIZED_AUTOS = YES_AGGRESSIVE;
				GCC_WARN_UNUSED_FUNCTION = YES;
				GCC_WARN_UNUSED_VARIABLE = YES;
				IPHONEOS_DEPLOYMENT_TARGET = 11.1;
				MTL_ENABLE_DEBUG_INFO = NO;
				SDKROOT = iphoneos;
				SWIFT_OPTIMIZATION_LEVEL = "-Owholemodule";
				VALIDATE_PRODUCT = YES;
			};
			name = Release;
		};
		D857A9131FCE473B00AF9F71 /* Debug */ = {
			isa = XCBuildConfiguration;
			buildSettings = {
				ASSETCATALOG_COMPILER_APPICON_NAME = AppIcon;
				CODE_SIGN_STYLE = Automatic;
				INFOPLIST_FILE = "Quick Tip/Info.plist";
				LD_RUNPATH_SEARCH_PATHS = "$(inherited) @executable_path/Frameworks";
				PRODUCT_BUNDLE_IDENTIFIER = "Joe.Quick-Tip";
				PRODUCT_NAME = "$(TARGET_NAME)";
				SWIFT_VERSION = 4.0;
				TARGETED_DEVICE_FAMILY = "1,2";
			};
			name = Debug;
		};
		D857A9141FCE473B00AF9F71 /* Release */ = {
			isa = XCBuildConfiguration;
			buildSettings = {
				ASSETCATALOG_COMPILER_APPICON_NAME = AppIcon;
				CODE_SIGN_STYLE = Automatic;
				INFOPLIST_FILE = "Quick Tip/Info.plist";
				LD_RUNPATH_SEARCH_PATHS = "$(inherited) @executable_path/Frameworks";
				PRODUCT_BUNDLE_IDENTIFIER = "Joe.Quick-Tip";
				PRODUCT_NAME = "$(TARGET_NAME)";
				SWIFT_VERSION = 4.0;
				TARGETED_DEVICE_FAMILY = "1,2";
			};
			name = Release;
		};
		D857A9161FCE473B00AF9F71 /* Debug */ = {
			isa = XCBuildConfiguration;
			buildSettings = {
				ALWAYS_EMBED_SWIFT_STANDARD_LIBRARIES = YES;
				BUNDLE_LOADER = "$(TEST_HOST)";
				CODE_SIGN_STYLE = Automatic;
				INFOPLIST_FILE = "Quick TipTests/Info.plist";
				LD_RUNPATH_SEARCH_PATHS = "$(inherited) @executable_path/Frameworks @loader_path/Frameworks";
				PRODUCT_BUNDLE_IDENTIFIER = "Joe.Quick-TipTests";
				PRODUCT_NAME = "$(TARGET_NAME)";
				SWIFT_VERSION = 4.0;
				TARGETED_DEVICE_FAMILY = "1,2";
				TEST_HOST = "$(BUILT_PRODUCTS_DIR)/Quick Tip.app/Quick Tip";
			};
			name = Debug;
		};
		D857A9171FCE473B00AF9F71 /* Release */ = {
			isa = XCBuildConfiguration;
			buildSettings = {
				ALWAYS_EMBED_SWIFT_STANDARD_LIBRARIES = YES;
				BUNDLE_LOADER = "$(TEST_HOST)";
				CODE_SIGN_STYLE = Automatic;
				INFOPLIST_FILE = "Quick TipTests/Info.plist";
				LD_RUNPATH_SEARCH_PATHS = "$(inherited) @executable_path/Frameworks @loader_path/Frameworks";
				PRODUCT_BUNDLE_IDENTIFIER = "Joe.Quick-TipTests";
				PRODUCT_NAME = "$(TARGET_NAME)";
				SWIFT_VERSION = 4.0;
				TARGETED_DEVICE_FAMILY = "1,2";
				TEST_HOST = "$(BUILT_PRODUCTS_DIR)/Quick Tip.app/Quick Tip";
			};
			name = Release;
		};
		D857A9191FCE473B00AF9F71 /* Debug */ = {
			isa = XCBuildConfiguration;
			buildSettings = {
				ALWAYS_EMBED_SWIFT_STANDARD_LIBRARIES = YES;
				CODE_SIGN_STYLE = Automatic;
				INFOPLIST_FILE = "Quick TipUITests/Info.plist";
				LD_RUNPATH_SEARCH_PATHS = "$(inherited) @executable_path/Frameworks @loader_path/Frameworks";
				PRODUCT_BUNDLE_IDENTIFIER = "Joe.Quick-TipUITests";
				PRODUCT_NAME = "$(TARGET_NAME)";
				SWIFT_VERSION = 4.0;
				TARGETED_DEVICE_FAMILY = "1,2";
				TEST_TARGET_NAME = "Quick Tip";
			};
			name = Debug;
		};
		D857A91A1FCE473B00AF9F71 /* Release */ = {
			isa = XCBuildConfiguration;
			buildSettings = {
				ALWAYS_EMBED_SWIFT_STANDARD_LIBRARIES = YES;
				CODE_SIGN_STYLE = Automatic;
				INFOPLIST_FILE = "Quick TipUITests/Info.plist";
				LD_RUNPATH_SEARCH_PATHS = "$(inherited) @executable_path/Frameworks @loader_path/Frameworks";
				PRODUCT_BUNDLE_IDENTIFIER = "Joe.Quick-TipUITests";
				PRODUCT_NAME = "$(TARGET_NAME)";
				SWIFT_VERSION = 4.0;
				TARGETED_DEVICE_FAMILY = "1,2";
				TEST_TARGET_NAME = "Quick Tip";
			};
			name = Release;
		};
/* End XCBuildConfiguration section */

/* Begin XCConfigurationList section */
		D857A8E51FCE473B00AF9F71 /* Build configuration list for PBXProject "Quick Tip" */ = {
			isa = XCConfigurationList;
			buildConfigurations = (
				D857A9101FCE473B00AF9F71 /* Debug */,
				D857A9111FCE473B00AF9F71 /* Release */,
			);
			defaultConfigurationIsVisible = 0;
			defaultConfigurationName = Release;
		};
		D857A9121FCE473B00AF9F71 /* Build configuration list for PBXNativeTarget "Quick Tip" */ = {
			isa = XCConfigurationList;
			buildConfigurations = (
				D857A9131FCE473B00AF9F71 /* Debug */,
				D857A9141FCE473B00AF9F71 /* Release */,
			);
			defaultConfigurationIsVisible = 0;
			defaultConfigurationName = Release;
		};
		D857A9151FCE473B00AF9F71 /* Build configuration list for PBXNativeTarget "Quick TipTests" */ = {
			isa = XCConfigurationList;
			buildConfigurations = (
				D857A9161FCE473B00AF9F71 /* Debug */,
				D857A9171FCE473B00AF9F71 /* Release */,
			);
			defaultConfigurationIsVisible = 0;
			defaultConfigurationName = Release;
		};
		D857A9181FCE473B00AF9F71 /* Build configuration list for PBXNativeTarget "Quick TipUITests" */ = {
			isa = XCConfigurationList;
			buildConfigurations = (
				D857A9191FCE473B00AF9F71 /* Debug */,
				D857A91A1FCE473B00AF9F71 /* Release */,
			);
			defaultConfigurationIsVisible = 0;
			defaultConfigurationName = Release;
		};
/* End XCConfigurationList section */
	};
	rootObject = D857A8E21FCE473B00AF9F71 /* Project object */;
}
